
Microsoft Visual Studio Solution File, Format Version 12.00
# Visual Studio 15
VisualStudioVersion = 15.0.28307.1000
MinimumVisualStudioVersion = 10.0.40219.1
Project("{FAE04EC0-301F-11D3-BF4B-00C04F79EFBC}") = "WpfAppNET", "WpfAppNET\WpfAppNET.csproj", "{130E5046-6FA2-4D30-9D4F-0FD0C12849B8}"
EndProject
Global
	GlobalSection(SolutionConfigurationPlatforms) = preSolution
		Debug|Any CPU = Debug|Any CPU
		Release|Any CPU = Release|Any CPU
	EndGlobalSection
	GlobalSection(ProjectConfigurationPlatforms) = postSolution
		{130E5046-6FA2-4D30-9D4F-0FD0C12849B8}.Debug|Any CPU.ActiveCfg = Debug|Any CPU
		{130E5046-6FA2-4D30-9D4F-0FD0C12849B8}.Debug|Any CPU.Build.0 = Debug|Any CPU
		{130E5046-6FA2-4D30-9D4F-0FD0C12849B8}.Release|Any CPU.ActiveCfg = Release|Any CPU
		{130E5046-6FA2-4D30-9D4F-0FD0C12849B8}.Release|Any CPU.Build.0 = Release|Any CPU
	EndGlobalSection
	GlobalSection(SolutionProperties) = preSolution
		HideSolutionNode = FALSE
	EndGlobalSection
	GlobalSection(ExtensibilityGlobals) = postSolution
		SolutionGuid = {8FC070DF-3E29-4B6F-BF96-601EC7208CE4}
	EndGlobalSection
EndGlobal
